
Microsoft Visual Studio Solution File, Format Version 12.00
# Visual Studio Version 16
VisualStudioVersion = 16.0.30104.148
MinimumVisualStudioVersion = 10.0.40219.1
Project("{FAE04EC0-301F-11D3-BF4B-00C04F79EFBC}") = "MobiDiet", "MobiDiet\MobiDiet.csproj", "{F8E038B9-B828-484F-B3F3-AE5FAEFBADCD}"
EndProject
Global
	GlobalSection(SolutionConfigurationPlatforms) = preSolution
		Debug|Any CPU = Debug|Any CPU
		Release|Any CPU = Release|Any CPU
	EndGlobalSection
	GlobalSection(ProjectConfigurationPlatforms) = postSolution
		{F8E038B9-B828-484F-B3F3-AE5FAEFBADCD}.Debug|Any CPU.ActiveCfg = Debug|Any CPU
		{F8E038B9-B828-484F-B3F3-AE5FAEFBADCD}.Debug|Any CPU.Build.0 = Debug|Any CPU
		{F8E038B9-B828-484F-B3F3-AE5FAEFBADCD}.Release|Any CPU.ActiveCfg = Release|Any CPU
		{F8E038B9-B828-484F-B3F3-AE5FAEFBADCD}.Release|Any CPU.Build.0 = Release|Any CPU
	EndGlobalSection
	GlobalSection(SolutionProperties) = preSolution
		HideSolutionNode = FALSE
	EndGlobalSection
	GlobalSection(ExtensibilityGlobals) = postSolution
		SolutionGuid = {B84E68BE-6C16-4F39-9766-990F8225078D}
	EndGlobalSection
EndGlobal
